
Microsoft Visual Studio Solution File, Format Version 12.00
# Visual Studio Version 17
VisualStudioVersion = 17.10.35004.147
MinimumVisualStudioVersion = 10.0.40219.1
Project("{9A19103F-16F7-4668-BE54-9A1E7A4F7556}") = "WinUI_test", "WinUI_test\WinUI_test.csproj", "{EDE72FA2-06EF-4803-AEA0-6A7EC14F1885}"
EndProject
Project("{9A19103F-16F7-4668-BE54-9A1E7A4F7556}") = "WinUI_test.Core", "WinUI_test.Core\WinUI_test.Core.csproj", "{444925B7-A657-4784-B46C-F143CE1980B7}"
EndProject
Global
	GlobalSection(SolutionConfigurationPlatforms) = preSolution
		Debug|Any CPU = Debug|Any CPU
		Debug|arm64 = Debug|arm64
		Debug|x64 = Debug|x64
		Debug|x86 = Debug|x86
		Release|Any CPU = Release|Any CPU
		Release|arm64 = Release|arm64
		Release|x64 = Release|x64
		Release|x86 = Release|x86
	EndGlobalSection
	GlobalSection(ProjectConfigurationPlatforms) = postSolution
		{EDE72FA2-06EF-4803-AEA0-6A7EC14F1885}.Debug|Any CPU.ActiveCfg = Debug|x64
		{EDE72FA2-06EF-4803-AEA0-6A7EC14F1885}.Debug|Any CPU.Build.0 = Debug|x64
		{EDE72FA2-06EF-4803-AEA0-6A7EC14F1885}.Debug|Any CPU.Deploy.0 = Debug|x64
		{EDE72FA2-06EF-4803-AEA0-6A7EC14F1885}.Debug|arm64.ActiveCfg = Debug|arm64
		{EDE72FA2-06EF-4803-AEA0-6A7EC14F1885}.Debug|arm64.Build.0 = Debug|arm64
		{EDE72FA2-06EF-4803-AEA0-6A7EC14F1885}.Debug|arm64.Deploy.0 = Debug|arm64
		{EDE72FA2-06EF-4803-AEA0-6A7EC14F1885}.Debug|x64.ActiveCfg = Debug|x64
		{EDE72FA2-06EF-4803-AEA0-6A7EC14F1885}.Debug|x64.Build.0 = Debug|x64
		{EDE72FA2-06EF-4803-AEA0-6A7EC14F1885}.Debug|x64.Deploy.0 = Debug|x64
		{EDE72FA2-06EF-4803-AEA0-6A7EC14F1885}.Debug|x86.ActiveCfg = Debug|x86
		{EDE72FA2-06EF-4803-AEA0-6A7EC14F1885}.Debug|x86.Build.0 = Debug|x86
		{EDE72FA2-06EF-4803-AEA0-6A7EC14F1885}.Debug|x86.Deploy.0 = Debug|x86
		{EDE72FA2-06EF-4803-AEA0-6A7EC14F1885}.Release|Any CPU.ActiveCfg = Release|x64
		{EDE72FA2-06EF-4803-AEA0-6A7EC14F1885}.Release|Any CPU.Build.0 = Release|x64
		{EDE72FA2-06EF-4803-AEA0-6A7EC14F1885}.Release|Any CPU.Deploy.0 = Release|x64
		{EDE72FA2-06EF-4803-AEA0-6A7EC14F1885}.Release|arm64.ActiveCfg = Release|arm64
		{EDE72FA2-06EF-4803-AEA0-6A7EC14F1885}.Release|arm64.Build.0 = Release|arm64
		{EDE72FA2-06EF-4803-AEA0-6A7EC14F1885}.Release|arm64.Deploy.0 = Release|arm64
		{EDE72FA2-06EF-4803-AEA0-6A7EC14F1885}.Release|x64.ActiveCfg = Release|x64
		{EDE72FA2-06EF-4803-AEA0-6A7EC14F1885}.Release|x64.Build.0 = Release|x64
		{EDE72FA2-06EF-4803-AEA0-6A7EC14F1885}.Release|x64.Deploy.0 = Release|x64
		{EDE72FA2-06EF-4803-AEA0-6A7EC14F1885}.Release|x86.ActiveCfg = Release|x86
		{EDE72FA2-06EF-4803-AEA0-6A7EC14F1885}.Release|x86.Build.0 = Release|x86
		{EDE72FA2-06EF-4803-AEA0-6A7EC14F1885}.Release|x86.Deploy.0 = Release|x86
		{444925B7-A657-4784-B46C-F143CE1980B7}.Debug|Any CPU.ActiveCfg = Debug|Any CPU
		{444925B7-A657-4784-B46C-F143CE1980B7}.Debug|Any CPU.Build.0 = Debug|Any CPU
		{444925B7-A657-4784-B46C-F143CE1980B7}.Debug|arm64.ActiveCfg = Debug|arm64
		{444925B7-A657-4784-B46C-F143CE1980B7}.Debug|arm64.Build.0 = Debug|arm64
		{444925B7-A657-4784-B46C-F143CE1980B7}.Debug|x64.ActiveCfg = Debug|x64
		{444925B7-A657-4784-B46C-F143CE1980B7}.Debug|x64.Build.0 = Debug|x64
		{444925B7-A657-4784-B46C-F143CE1980B7}.Debug|x86.ActiveCfg = Debug|x86
		{444925B7-A657-4784-B46C-F143CE1980B7}.Debug|x86.Build.0 = Debug|x86
		{444925B7-A657-4784-B46C-F143CE1980B7}.Release|Any CPU.ActiveCfg = Release|Any CPU
		{444925B7-A657-4784-B46C-F143CE1980B7}.Release|Any CPU.Build.0 = Release|Any CPU
		{444925B7-A657-4784-B46C-F143CE1980B7}.Release|arm64.ActiveCfg = Release|arm64
		{444925B7-A657-4784-B46C-F143CE1980B7}.Release|arm64.Build.0 = Release|arm64
		{444925B7-A657-4784-B46C-F143CE1980B7}.Release|x64.ActiveCfg = Release|x64
		{444925B7-A657-4784-B46C-F143CE1980B7}.Release|x64.Build.0 = Release|x64
		{444925B7-A657-4784-B46C-F143CE1980B7}.Release|x86.ActiveCfg = Release|x86
		{444925B7-A657-4784-B46C-F143CE1980B7}.Release|x86.Build.0 = Release|x86
	EndGlobalSection
	GlobalSection(SolutionProperties) = preSolution
		HideSolutionNode = FALSE
	EndGlobalSection
	GlobalSection(ExtensibilityGlobals) = postSolution
		SolutionGuid = {35EEAC53-095A-4D34-B725-9797762AA97D}
	EndGlobalSection
EndGlobal
