
Microsoft Visual Studio Solution File, Format Version 12.00
# Visual Studio Version 17
VisualStudioVersion = 17.5.002.0
MinimumVisualStudioVersion = 10.0.40219.1
Project("{9A19103F-16F7-4668-BE54-9A1E7A4F7556}") = "WinUI_test", "WinUI_test.csproj", "{6B616EA6-64CF-404E-84D1-CF12FC12C815}"
EndProject
Global
	GlobalSection(SolutionConfigurationPlatforms) = preSolution
		Debug|Any CPU = Debug|Any CPU
		Release|Any CPU = Release|Any CPU
	EndGlobalSection
	GlobalSection(ProjectConfigurationPlatforms) = postSolution
		{6B616EA6-64CF-404E-84D1-CF12FC12C815}.Debug|Any CPU.ActiveCfg = Debug|Any CPU
		{6B616EA6-64CF-404E-84D1-CF12FC12C815}.Debug|Any CPU.Build.0 = Debug|Any CPU
		{6B616EA6-64CF-404E-84D1-CF12FC12C815}.Release|Any CPU.ActiveCfg = Release|Any CPU
		{6B616EA6-64CF-404E-84D1-CF12FC12C815}.Release|Any CPU.Build.0 = Release|Any CPU
	EndGlobalSection
	GlobalSection(SolutionProperties) = preSolution
		HideSolutionNode = FALSE
	EndGlobalSection
	GlobalSection(ExtensibilityGlobals) = postSolution
		SolutionGuid = {A9165A1E-2105-40B6-826E-76D03DB9F98E}
	EndGlobalSection
EndGlobal
